cloud.google.com/go/compute/metadata v0.3.0 h1:Tz+eQXMEqDIKRsmY3cHTL6FVaynIjX2QxYC4trgAKZc=
cloud.google.com/go/compute/metadata v0.3.0/go.mod h1:zFmK7XCadkQkj6TtorcaGlCW1hT1fIilQDwofLpJ20k=
github.com/alicebob/miniredis/v2 v2.35.0 h1:QwLphYqCEAo1eu1TqPRN2jgVMPBweeQcR21jeqDCONI=
github.com/alicebob/miniredis/v2 v2.35.0/go.mod h1:TcL7YfarKPGDAthEtl5NBeHZfeUQj6OXMm/+iu5cLMM=
github.com/bsm/ginkgo/v2 v2.12.0 h1:Ny8MWAHyOepLGlLKYmXG4IEkioBysk6GpaRTLC8zwWs=
github.com/bsm/ginkgo/v2 v2.12.0/go.mod h1:SwYbGRRDovPVboqFv0tPTcG1sN61LM1Z4ARdbAV9g4c=
github.com/bsm/gomega v1.27.10 h1:yeMWxP2pV2fG3FgAODIY8EiRE3dy0aeFYt4l7wh6yKA=
github.com/bsm/gomega v1.27.10/go.mod h1:JyEr/xRbxbtgWNi8tIEVPUYZ5Dzef52k01W3YH0H+O0=
github.com/caarlos0/env/v6 v6.10.1 h1:t1mPSxNpei6M5yAeu1qtRdPAK29Nbcf/n3G7x+b3/II=
github.com/caarlos0/env/v6 v6.10.1/go.mod h1:hvp/ryKXKipEkcuYjs9mI4bBCg+UI0Yhgm5Zu0ddvwc=
github.com/cespare/xxhash/v2 v2.3.0 h1:UL815xU9SqsFlibzuggzjXhog7bL6oX9BbNZnL2UFvs=
github.com/cespare/xxhash/v2 v2.3.0/go.mod h1:VGX0DQ3Q6kWi7AoAeZDth3/j3BFtOZR5XLFGgcrjCOs=
github.com/clipperhouse/displaywidth v0.6.1 h1:/zMlAezfDzT2xy6acHBzwIfyu2ic0hgkT83UX5EY2gY=
github.com/clipperhouse/displaywidth v0.6.1/go.mod h1:R+kHuzaYWFkTm7xoMmK1lFydbci4X2CicfbGstSGg0o=
github.com/clipperhouse/stringish v0.1.1 h1:+NSqMOr3GR6k1FdRhhnXrLfztGzuG+VuFDfatpWHKCs=
github.com/clipperhouse/stringish v0.1.1/go.mod h1:v/WhFtE1q0ovMta2+m+UbpZ+2/HEXNWYXQgCt4hdOzA=
github.com/clipperhouse/uax29/v2 v2.3.0 h1:SNdx9DVUqMoBuBoW3iLOj4FQv3dN5mDtuqwuhIGpJy4=
github.com/clipperhouse/uax29/v2 v2.3.0/go.mod h1:Wn1g7MK6OoeDT0vL+Q0SQLDz/KpfsVRgg6W7ihQeh4g=
github.com/davecgh/go-spew v1.1.0/go.mod h1:J7Y8YcW2NihsgmVo/mv3lAwl/skON4iLHjSsI+c5H38=
github.com/davecgh/go-spew v1.1.1 h1:vj9j/u1bqnvCEfJOwUhtlOARqs3+rkHYY13jYWTU97c=
github.com/davecgh/go-spew v1.1.1/go.mod h1:J7Y8YcW2NihsgmVo/mv3lAwl/skON4iLHjSsI+c5H38=
github.com/dgryski/go-rendezvous v0.0.0-20200823014737-9f7001d12a5f h1:lO4WD4F/rVNCu3HqELle0jiPLLBs70cWOduZpkS1E78=
github.com/dgryski/go-rendezvous v0.0.0-20200823014737-9f7001d12a5f/go.mod h1:cuUVRXasLTGF7a8hSLbxyZXjz+1KgoB3wDUb6vlszIc=
github.com/dustin/go-humanize v1.0.1 h1:GzkhY7T5VNhEkwH0PVJgjz+fX1rhBrR7pRT3mDkpeCY=
github.com/dustin/go-humanize v1.0.1/go.mod h1:Mu1zIs6XwVuF/gI1OepvI0qD18qycQx+mFykh5fBlto=
github.com/fatih/color v1.18.0 h1:S8gINlzdQ840/4pfAwic/ZE0djQEH3wM94VfqLTZcOM=
github.com/fatih/color v1.18.0/go.mod h1:4FelSpRwEGDpQ12mAdzqdOukCy4u8WUtOY6lkT/6HfU=
github.com/go-chi/chi/v5 v5.2.2 h1:CMwsvRVTbXVytCk1Wd72Zy1LAsAh9GxMmSNWLHCG618=
github.com/go-chi/chi/v5 v5.2.2/go.mod h1:L2yAIGWB3H+phAw1NxKwWM+7eUH/lU8pOMm5hHcoops=
github.com/google/go-cmp v0.5.9 h1:O2Tfq5qg4qc4AmwVlvv0oLiVAGB7enBSJ2x2DqQFi38=
github.com/google/go-cmp v0.5.9/go.mod h1:17dUlkBOakJ0+DkrSSNjCkIjxS6bF9zb3elmeNGIjoY=
github.com/google/gofuzz v1.2.0 h1:xRy4A+RhZaiKjJ1bPfwQ8sedCA+YS2YcCHW6ec7JMi0=
github.com/google/gofuzz v1.2.0/go.mod h1:dBl0BpW6vV/+mYPU4Po3pmUjxk6FQPldtuIdl/M65Eg=
github.com/google/pprof v0.0.0-20250317173921-a4b03ec1a45e h1:ijClszYn+mADRFY17kjQEVQ1XRhq2/JR1M3sGqeJoxs=
github.com/google/pprof v0.0.0-20250317173921-a4b03ec1a45e/go.mod h1:boTsfXsheKC2y+lKOCMpSfarhxDeIzfZG1jqGcPl3cA=
github.com/google/uuid v1.6.0 h1:NIvaJDMOsjHA8n1jAhLSgzrAzy1Hgr+hNrb57e+94F0=
github.com/google/uuid v1.6.0/go.mod h1:TIyPZe4MgqvfeYDBFedMoGGpEw/LqOeaOT+nhxU+yHo=
github.com/gorilla/context v1.1.1 h1:AWwleXJkX/nhcU9bZSnZoi3h/qGYqQAGhq6zZe/aQW8=
github.com/gorilla/context v1.1.1/go.mod h1:kBGZzfjB9CEq2AlWe17Uuf7NDRt0dE0s8S51q0aT7Yg=
github.com/gorilla/mux v1.6.2 h1:Pgr17XVTNXAk3q/r4CpKzC5xBM/qW1uVLV+IhRZpIIk=
github.com/gorilla/mux v1.6.2/go.mod h1:1lud6UwP+6orDFRuTfBEV8e9/aOM/c4fVVCaMa2zaAs=
github.com/gorilla/securecookie v1.1.2 h1:YCIWL56dvtr73r6715mJs5ZvhtnY73hBvEF8kXD8ePA=
github.com/gorilla/securecookie v1.1.2/go.mod h1:NfCASbcHqRSY+3a8tlWJwsQap2VX5pwzwo4h3eOamfo=
github.com/gorilla/sessions v1.4.0 h1:kpIYOp/oi6MG/p5PgxApU8srsSw9tuFbt46Lt7auzqQ=
github.com/gorilla/sessions v1.4.0/go.mod h1:FLWm50oby91+hl7p/wRxDth9bWSuk0qVL2emc7lT5ik=
github.com/gorilla/websocket v1.5.3 h1:saDtZ6Pbx/0u+bgYQ3q96pZgCzfhKXGPqt7kZ72aNNg=
github.com/gorilla/websocket v1.5.3/go.mod h1:YR8l580nyteQvAITg2hZ9XVh4b55+EU/adAjf1fMHhE=
github.com/hashicorp/golang-lru/v2 v2.0.7 h1:a+bsQ5rvGLjzHuww6tVxozPZFVghXaHOwFs4luLUK2k=
github.com/hashicorp/golang-lru/v2 v2.0.7/go.mod h1:QeFd9opnmA6QUJc5vARoKUSoFhyfM2/ZepoAG6RGpeM=
github.com/jackc/pgpassfile v1.0.0 h1:/6Hmqy13Ss2zCq62VdNG8tM1wchn8zjSGOBJ6icpsIM=
github.com/jackc/pgpassfile v1.0.0/go.mod h1:CEx0iS5ambNFdcRtxPj5JhEz+xB6uRky5eyVu/W2HEg=
github.com/jackc/pgservicefile v0.0.0-20240606120523-5a60cdf6a761 h1:iCEnooe7UlwOQYpKFhBabPMi4aNAfoODPEFNiAnClxo=
github.com/jackc/pgservicefile v0.0.0-20240606120523-5a60cdf6a761/go.mod h1:5TJZWKEWniPve33vlWYSoGYefn3gLQRzjfDlhSJ9ZKM=
github.com/jackc/pgx/v5 v5.8.0 h1:TYPDoleBBme0xGSAX3/+NujXXtpZn9HBONkQC7IEZSo=
github.com/jackc/pgx/v5 v5.8.0/go.mod h1:QVeDInX2m9VyzvNeiCJVjCkNFqzsNb43204HshNSZKw=
github.com/jackc/puddle/v2 v2.2.2 h1:PR8nw+E/1w0GLuRFSmiioY6UooMp6KJv0/61nB7icHo=
github.com/jackc/puddle/v2 v2.2.2/go.mod h1:vriiEXHvEE654aYKXXjOvZM39qJ0q+azkZFrfEOc3H4=
github.com/kr/pretty v0.3.1 h1:flRD4NNwYAUpkphVc1HcthR4KEIFJ65n8Mw5qdRn3LE=
github.com/kr/pretty v0.3.1/go.mod h1:hoEshYVHaxMs3cyo3Yncou5ZscifuDolrwPKZanG3xk=
github.com/kr/text v0.2.0 h1:5Nx0Ya0ZqY2ygV366QzturHI13Jq95ApcVaJBhpS+AY=
github.com/kr/text v0.2.0/go.mod h1:eLer722TekiGuMkidMxC/pM04lWEeraHUUmBw8l2grE=
github.com/markbates/goth v1.82.0 h1:8j/c34AjBSTNzO7zTsOyP5IYCQCMBTRBHAbBt/PI0bQ=
github.com/markbates/goth v1.82.0/go.mod h1:/DRlcq0pyqkKToyZjsL2KgiA1zbF1HIjE7u2uC79rUk=
github.com/mattn/go-colorable v0.1.14 h1:9A9LHSqF/7dyVVX6g0U9cwm9pG3kP9gSzcuIPHPsaIE=
github.com/mattn/go-colorable v0.1.14/go.mod h1:6LmQG8QLFO4G5z1gPvYEzlUgJ2wF+stgPZH1UqBm1s8=
github.com/mattn/go-isatty v0.0.20 h1:xfD0iDuEKnDkl03q4limB+vH+GxLEtL/jb4xVJSWWEY=
github.com/mattn/go-isatty v0.0.20/go.mod h1:W+V8PltTTMOvKvAeJH7IuucS94S2C6jfK/D7dTCTo3Y=
github.com/mattn/go-runewidth v0.0.19 h1:v++JhqYnZuu5jSKrk9RbgF5v4CGUjqRfBm05byFGLdw=
github.com/mattn/go-runewidth v0.0.19/go.mod h1:XBkDxAl56ILZc9knddidhrOlY5R/pDhgLpndooCuJAs=
github.com/ncruces/go-strftime v1.0.0 h1:HMFp8mLCTPp341M/ZnA4qaf7ZlsbTc+miZjCLOFAw7w=
github.com/ncruces/go-strftime v1.0.0/go.mod h1:Fwc5htZGVVkseilnfgOVb9mKy6w1naJmn9CehxcKcls=
github.com/olekukonko/cat v0.0.0-20250911104152-50322a0618f6 h1:zrbMGy9YXpIeTnGj4EljqMiZsIcE09mmF8XsD5AYOJc=
github.com/olekukonko/cat v0.0.0-20250911104152-50322a0618f6/go.mod h1:rEKTHC9roVVicUIfZK7DYrdIoM0EOr8mK1Hj5s3JjH0=
github.com/olekukonko/errors v1.1.0 h1:RNuGIh15QdDenh+hNvKrJkmxxjV4hcS50Db478Ou5sM=
github.com/olekukonko/errors v1.1.0/go.mod h1:ppzxA5jBKcO1vIpCXQ9ZqgDh8iwODz6OXIGKU8r5m4Y=
github.com/olekukonko/ll v0.1.3 h1:sV2jrhQGq5B3W0nENUISCR6azIPf7UBUpVq0x/y70Fg=
github.com/olekukonko/ll v0.1.3/go.mod h1:b52bVQRRPObe+yyBl0TxNfhesL0nedD4Cht0/zx55Ew=
github.com/olekukonko/tablewriter v1.1.2 h1:L2kI1Y5tZBct/O/TyZK1zIE9GlBj/TVs+AY5tZDCDSc=
github.com/olekukonko/tablewriter v1.1.2/go.mod h1:z7SYPugVqGVavWoA2sGsFIoOVNmEHxUAAMrhXONtfkg=
github.com/pmezard/go-difflib v1.0.0 h1:4DBwDE0NGyQoBHbLQYPwSUPoCMWR5BEzIk/f1lZbAQM=
github.com/pmezard/go-difflib v1.0.0/go.mod h1:iKH77koFhYxTK1pcRnkKkqfTogsbg7gZNVY4sRDYZ/4=
github.com/redis/go-redis/v9 v9.7.0 h1:HhLSs+B6O021gwzl+locl0zEDnyNkxMtf/Z3NNBMa9E=
github.com/redis/go-redis/v9 v9.7.0/go.mod h1:f6zhXITC7JUJIlPEiBOTXxJgPLdZcA93GewI7inzyWw=
github.com/remyoudompheng/bigfft v0.0.0-20230129092748-24d4a6f8daec h1:W09IVJc94icq4NjY3clb7Lk8O1qJ8BdBEF8z0ibU0rE=
github.com/remyoudompheng/bigfft v0.0.0-20230129092748-24d4a6f8daec/go.mod h1:qqbHyh8v60DhA7CoWK5oRCqLrMHRGoxYCSS9EjAz6Eo=
github.com/rogpeppe/go-internal v1.12.0 h1:exVL4IDcn6na9z1rAb56Vxr+CgyK3nn3O+epU5NdKM8=
github.com/rogpeppe/go-internal v1.12.0/go.mod h1:E+RYuTGaKKdloAfM02xzb0FW3Paa99yedzYV+kq4uf4=
github.com/stretchr/objx v0.1.0/go.mod h1:HFkY916IF+rwdDfMAkV7OtwuqBVzrE8GR6GFx+wExME=
github.com/stretchr/testify v1.3.0/go.mod h1:M5WIy9Dh21IEIfnGCwXGc5bZfKNJtfHm1UVUgZn+9EI=
github.com/stretchr/testify v1.7.0/go.mod h1:6Fq8oRcR53rry900zMqJjRRixrwX3KX962/h/Wwjteg=
github.com/stretchr/testify v1.11.1 h1:7s2iGBzp5EwR7/aIZr8ao5+dra3wiQyKjjFuvgVKu7U=
github.com/stretchr/testify v1.11.1/go.mod h1:wZwfW3scLgRK+23gO65QZefKpKQRnfz6sD981Nm4B6U=
github.com/tlmanz/authkit v0.0.4 h1:tMVvcFpwPuZPsCy9odvQ3t8K9jspo9BwC8PGhZwMQ6M=
github.com/tlmanz/authkit v0.0.4/go.mod h1:d9nlzZWEzny/M4+0AGlSeChqnB3Ixujzk5meBjnjteU=
github.com/tlmanz/go-notify v0.0.1 h1:WOunmHe1rQL6gTTrH3luAmIPoR13AtqEgYv+rDFy4Ks=
github.com/tlmanz/go-notify v0.0.1/go.mod h1:WVVGA+q1fTL3rtSN75ScJ+05I+7EcLhRIQ+UkdkRtcc=
github.com/tlmanz/go-notify/redis v0.0.0-20260404100834-6ccfd51883e5 h1:MLELVPURsJt3EyU+PP/cedPw1xHpAuyTgXe4/32Tk1o=
github.com/tlmanz/go-notify/redis v0.0.0-20260404100834-6ccfd51883e5/go.mod h1:ERdKYUwDp0P4DXGs38Mv1ODPOp/kOvhdZqAZYl1ARqw=
github.com/tlmanz/goconf v0.1.2 h1:gArPXuYxtt+CW6du1cxmkGendVhAAtsK65lbTVXZ7aU=
github.com/tlmanz/goconf v0.1.2/go.mod h1:ep3532ZJVGkh/uRE6qFJcxiODp6k9ZVRxqvMMa6GMOM=
github.com/tlmanz/hush v0.2.3 h1:YI02P6dUpSQyhm9FIpMaoXI9JSeK8VPyjfZrWX95Mwo=
github.com/tlmanz/hush v0.2.3/go.mod h1:Tk4AxW8/Ls6+wabjZjuUgckxl6htLKjzt/xbE9cIynE=
github.com/yuin/gopher-lua v1.1.1 h1:kYKnWBjvbNP4XLT3+bPEwAXJx262OhaHDWDVOPjL46M=
github.com/yuin/gopher-lua v1.1.1/go.mod h1:GBR0iDaNXjAgGg9zfCvksxSRnQx76gclCIb7kdAd1Pw=
go.uber.org/goleak v1.3.0 h1:2K3zAYmnTNqV73imy9J1T3WC+gmCePx2hEGkimedGto=
go.uber.org/goleak v1.3.0/go.mod h1:CoHD4mav9JJNrW/WLlf7HGZPjdw8EucARQHekz1X6bE=
go.uber.org/multierr v1.10.0 h1:S0h4aNzvfcFsC3dRF1jLoaov7oRaKqRGC/pUEJ2yvPQ=
go.uber.org/multierr v1.10.0/go.mod h1:20+QtiLqy0Nd6FdQB9TLXag12DsQkrbs3htMFfDN80Y=
go.uber.org/zap v1.27.1 h1:08RqriUEv8+ArZRYSTXy1LeBScaMpVSTBhCeaZYfMYc=
go.uber.org/zap v1.27.1/go.mod h1:GB2qFLM7cTU87MWRP2mPIjqfIDnGu+VIO4V/SdhGo2E=
golang.org/x/crypto v0.49.0 h1:+Ng2ULVvLHnJ/ZFEq4KdcDd/cfjrrjjNSXNzxg0Y4U4=
golang.org/x/crypto v0.49.0/go.mod h1:ErX4dUh2UM+CFYiXZRTcMpEcN8b/1gxEuv3nODoYtCA=
golang.org/x/mod v0.33.0 h1:tHFzIWbBifEmbwtGz65eaWyGiGZatSrT9prnU8DbVL8=
golang.org/x/mod v0.33.0/go.mod h1:swjeQEj+6r7fODbD2cqrnje9PnziFuw4bmLbBZFrQ5w=
golang.org/x/oauth2 v0.27.0 h1:da9Vo7/tDv5RH/7nZDz1eMGS/q1Vv1N/7FCrBhI9I3M=
golang.org/x/oauth2 v0.27.0/go.mod h1:onh5ek6nERTohokkhCD/y2cV4Do3fxFHFuAejCkRWT8=
golang.org/x/sync v0.20.0 h1:e0PTpb7pjO8GAtTs2dQ6jYa5BWYlMuX047Dco/pItO4=
golang.org/x/sync v0.20.0/go.mod h1:9xrNwdLfx4jkKbNva9FpL6vEN7evnE43NNNJQ2LF3+0=
golang.org/x/sys v0.6.0/go.mod h1:oPkhp1MJrh7nUepCBck5+mAzfO9JrbApNNgaTdGDITg=
golang.org/x/sys v0.42.0 h1:omrd2nAlyT5ESRdCLYdm3+fMfNFE/+Rf4bDIQImRJeo=
golang.org/x/sys v0.42.0/go.mod h1:4GL1E5IUh+htKOUEOaiffhrAeqysfVGipDYzABqnCmw=
golang.org/x/text v0.35.0 h1:JOVx6vVDFokkpaq1AEptVzLTpDe9KGpj5tR4/X+ybL8=
golang.org/x/text v0.35.0/go.mod h1:khi/HExzZJ2pGnjenulevKNX1W67CUy0AsXcNubPGCA=
golang.org/x/tools v0.42.0 h1:uNgphsn75Tdz5Ji2q36v/nsFSfR/9BRFvqhGBaJGd5k=
golang.org/x/tools v0.42.0/go.mod h1:Ma6lCIwGZvHK6XtgbswSoWroEkhugApmsXyrUmBhfr0=
gopkg.in/check.v1 v0.0.0-20161208181325-20d25e280405/go.mod h1:Co6ibVJAznAaIkqp8huTwlJQCZ016jof/cbN4VW5Yz0=
gopkg.in/check.v1 v1.0.0-20201130134442-10cb98267c6c h1:Hei/4ADfdWqJk1ZMxUNpqntNwaWcugrBjAiHlqqRiVk=
gopkg.in/check.v1 v1.0.0-20201130134442-10cb98267c6c/go.mod h1:JHkPIbrfpd72SG/EVd6muEfDQjcINNoR0C8j2r3qZ4Q=
gopkg.in/yaml.v3 v3.0.0-20200313102051-9f266ea9e77c/go.mod h1:K4uyk7z7BCEPqu6E+C64Yfv1cQ7kz7rIZviUmN+EgEM=
gopkg.in/yaml.v3 v3.0.1 h1:fxVm/GzAzEWqLHuvctI91KS9hhNmmWOoWu0XTYJS7CA=
gopkg.in/yaml.v3 v3.0.1/go.mod h1:K4uyk7z7BCEPqu6E+C64Yfv1cQ7kz7rIZviUmN+EgEM=
modernc.org/cc/v4 v4.27.1 h1:9W30zRlYrefrDV2JE2O8VDtJ1yPGownxciz5rrbQZis=
modernc.org/cc/v4 v4.27.1/go.mod h1:uVtb5OGqUKpoLWhqwNQo/8LwvoiEBLvZXIQ/SmO6mL0=
modernc.org/ccgo/v4 v4.32.0 h1:hjG66bI/kqIPX1b2yT6fr/jt+QedtP2fqojG2VrFuVw=
modernc.org/ccgo/v4 v4.32.0/go.mod h1:6F08EBCx5uQc38kMGl+0Nm0oWczoo1c7cgpzEry7Uc0=
modernc.org/fileutil v1.4.0 h1:j6ZzNTftVS054gi281TyLjHPp6CPHr2KCxEXjEbD6SM=
modernc.org/fileutil v1.4.0/go.mod h1:EqdKFDxiByqxLk8ozOxObDSfcVOv/54xDs/DUHdvCUU=
modernc.org/gc/v2 v2.6.5 h1:nyqdV8q46KvTpZlsw66kWqwXRHdjIlJOhG6kxiV/9xI=
modernc.org/gc/v2 v2.6.5/go.mod h1:YgIahr1ypgfe7chRuJi2gD7DBQiKSLMPgBQe9oIiito=
modernc.org/gc/v3 v3.1.2 h1:ZtDCnhonXSZexk/AYsegNRV1lJGgaNZJuKjJSWKyEqo=
modernc.org/gc/v3 v3.1.2/go.mod h1:HFK/6AGESC7Ex+EZJhJ2Gni6cTaYpSMmU/cT9RmlfYY=
modernc.org/goabi0 v0.2.0 h1:HvEowk7LxcPd0eq6mVOAEMai46V+i7Jrj13t4AzuNks=
modernc.org/goabi0 v0.2.0/go.mod h1:CEFRnnJhKvWT1c1JTI3Avm+tgOWbkOu5oPA8eH8LnMI=
modernc.org/libc v1.70.0 h1:U58NawXqXbgpZ/dcdS9kMshu08aiA6b7gusEusqzNkw=
modernc.org/libc v1.70.0/go.mod h1:OVmxFGP1CI/Z4L3E0Q3Mf1PDE0BucwMkcXjjLntvHJo=
modernc.org/mathutil v1.7.1 h1:GCZVGXdaN8gTqB1Mf/usp1Y/hSqgI2vAGGP4jZMCxOU=
modernc.org/mathutil v1.7.1/go.mod h1:4p5IwJITfppl0G4sUEDtCr4DthTaT47/N3aT6MhfgJg=
modernc.org/memory v1.11.0 h1:o4QC8aMQzmcwCK3t3Ux/ZHmwFPzE6hf2Y5LbkRs+hbI=
modernc.org/memory v1.11.0/go.mod h1:/JP4VbVC+K5sU2wZi9bHoq2MAkCnrt2r98UGeSK7Mjw=
modernc.org/opt v0.1.4 h1:2kNGMRiUjrp4LcaPuLY2PzUfqM/w9N23quVwhKt5Qm8=
modernc.org/opt v0.1.4/go.mod h1:03fq9lsNfvkYSfxrfUhZCWPk1lm4cq4N+Bh//bEtgns=
modernc.org/sortutil v1.2.1 h1:+xyoGf15mM3NMlPDnFqrteY07klSFxLElE2PVuWIJ7w=
modernc.org/sortutil v1.2.1/go.mod h1:7ZI3a3REbai7gzCLcotuw9AC4VZVpYMjDzETGsSMqJE=
modernc.org/sqlite v1.47.0 h1:R1XyaNpoW4Et9yly+I2EeX7pBza/w+pmYee/0HJDyKk=
modernc.org/sqlite v1.47.0/go.mod h1:hWjRO6Tj/5Ik8ieqxQybiEOUXy0NJFNp2tpvVpKlvig=
modernc.org/strutil v1.2.1 h1:UneZBkQA+DX2Rp35KcM69cSsNES9ly8mQWD71HKlOA0=
modernc.org/strutil v1.2.1/go.mod h1:EHkiggD70koQxjVdSBM3JKM7k6L0FbGE5eymy9i3B9A=
modernc.org/token v1.1.0 h1:Xl7Ap9dKaEs5kLoOQeQmPWevfnk/DM5qcLcYlA8ys6Y=
modernc.org/token v1.1.0/go.mod h1:UGzOrNV1mAFSEB63lOFHIpNRUVMvYTc6yu1SMY/XTDM=
